
Microsoft Visual Studio Solution File, Format Version 12.00
# Visual Studio Version 17
VisualStudioVersion = 17.4.33213.308
MinimumVisualStudioVersion = 10.0.40219.1
Project("{FAE04EC0-301F-11D3-BF4B-00C04F79EFBC}") = "Library", "Library.csproj", "{4A3A9A30-BA3E-4B08-B595-F4B5F0264549}"
EndProject
Project("{2150E333-8FDC-42A3-9474-1A3956D46DE8}") = "Solution Items", "Solution Items", "{AE8B5D41-5D9A-40A8-ADD5-B44EE300C096}"
	ProjectSection(SolutionItems) = preProject
		connections.config = connections.config
	EndProjectSection
EndProject
Global
	GlobalSection(SolutionConfigurationPlatforms) = preSolution
		Debug|Any CPU = Debug|Any CPU
		Release|Any CPU = Release|Any CPU
	EndGlobalSection
	GlobalSection(ProjectConfigurationPlatforms) = postSolution
		{4A3A9A30-BA3E-4B08-B595-F4B5F0264549}.Debug|Any CPU.ActiveCfg = Debug|Any CPU
		{4A3A9A30-BA3E-4B08-B595-F4B5F0264549}.Debug|Any CPU.Build.0 = Debug|Any CPU
		{4A3A9A30-BA3E-4B08-B595-F4B5F0264549}.Release|Any CPU.ActiveCfg = Release|Any CPU
		{4A3A9A30-BA3E-4B08-B595-F4B5F0264549}.Release|Any CPU.Build.0 = Release|Any CPU
	EndGlobalSection
	GlobalSection(SolutionProperties) = preSolution
		HideSolutionNode = FALSE
	EndGlobalSection
	GlobalSection(ExtensibilityGlobals) = postSolution
		SolutionGuid = {FC5CD0C7-F68B-4147-8FD0-87F9E56D7054}
	EndGlobalSection
EndGlobal
